
Microsoft Visual Studio Solution File, Format Version 12.00
# Visual Studio 14
VisualStudioVersion = 14.0.23107.0
MinimumVisualStudioVersion = 10.0.40219.1
Project("{FAE04EC0-301F-11D3-BF4B-00C04F79EFBC}") = "TSP2", "TSP2\TSP2.csproj", "{B2FB24C1-AA26-4088-B2C6-4868648C407D}"
EndProject
Global
	GlobalSection(SolutionConfigurationPlatforms) = preSolution
		Debug|Any CPU = Debug|Any CPU
		Release|Any CPU = Release|Any CPU
	EndGlobalSection
	GlobalSection(ProjectConfigurationPlatforms) = postSolution
		{B2FB24C1-AA26-4088-B2C6-4868648C407D}.Debug|Any CPU.ActiveCfg = Debug|Any CPU
		{B2FB24C1-AA26-4088-B2C6-4868648C407D}.Debug|Any CPU.Build.0 = Debug|Any CPU
		{B2FB24C1-AA26-4088-B2C6-4868648C407D}.Release|Any CPU.ActiveCfg = Release|Any CPU
		{B2FB24C1-AA26-4088-B2C6-4868648C407D}.Release|Any CPU.Build.0 = Release|Any CPU
	EndGlobalSection
	GlobalSection(SolutionProperties) = preSolution
		HideSolutionNode = FALSE
	EndGlobalSection
EndGlobal
